
Microsoft Visual Studio Solution File, Format Version 12.00
# Visual Studio Version 17
VisualStudioVersion = 17.14.36804.6 d17.14
MinimumVisualStudioVersion = 10.0.40219.1
Project("{FAE04EC0-301F-11D3-BF4B-00C04F79EFBC}") = "InfraPortal.Api", "..\Api\InfraPortal.Api\InfraPortal.Api.csproj", "{53495F34-66CC-07D8-EAD7-447D54FF9FD7}"
EndProject
Project("{FAE04EC0-301F-11D3-BF4B-00C04F79EFBC}") = "InfraPortal.Tests", "..\Tests\InfraPortal.Tests\InfraPortal.Tests.csproj", "{6A5CBEA7-D7F9-C287-E765-BCB26438F5F5}"
EndProject
Global
	GlobalSection(SolutionConfigurationPlatforms) = preSolution
		Debug|Any CPU = Debug|Any CPU
		Release|Any CPU = Release|Any CPU
	EndGlobalSection
	GlobalSection(ProjectConfigurationPlatforms) = postSolution
		{53495F34-66CC-07D8-EAD7-447D54FF9FD7}.Debug|Any CPU.ActiveCfg = Debug|Any CPU
		{53495F34-66CC-07D8-EAD7-447D54FF9FD7}.Debug|Any CPU.Build.0 = Debug|Any CPU
		{53495F34-66CC-07D8-EAD7-447D54FF9FD7}.Release|Any CPU.ActiveCfg = Release|Any CPU
		{53495F34-66CC-07D8-EAD7-447D54FF9FD7}.Release|Any CPU.Build.0 = Release|Any CPU
		{6A5CBEA7-D7F9-C287-E765-BCB26438F5F5}.Debug|Any CPU.ActiveCfg = Debug|Any CPU
		{6A5CBEA7-D7F9-C287-E765-BCB26438F5F5}.Debug|Any CPU.Build.0 = Debug|Any CPU
		{6A5CBEA7-D7F9-C287-E765-BCB26438F5F5}.Release|Any CPU.ActiveCfg = Release|Any CPU
		{6A5CBEA7-D7F9-C287-E765-BCB26438F5F5}.Release|Any CPU.Build.0 = Release|Any CPU
	EndGlobalSection
	GlobalSection(SolutionProperties) = preSolution
		HideSolutionNode = FALSE
	EndGlobalSection
	GlobalSection(ExtensibilityGlobals) = postSolution
		SolutionGuid = {FCA8CF3F-B957-4B8F-8761-89A19BD789C8}
	EndGlobalSection
EndGlobal
